
Microsoft Visual Studio Solution File, Format Version 12.00
# Visual Studio Version 17
VisualStudioVersion = 17.0.31903.59
MinimumVisualStudioVersion = 10.0.40219.1
Project("{FAE04EC0-301F-11D3-BF4B-00C04F79EFBC}") = "SportsStore", "SportsStore\SportsStore.csproj", "{BB588DA7-D962-42D2-A616-C7FDD3DC4B14}"
EndProject
Project("{FAE04EC0-301F-11D3-BF4B-00C04F79EFBC}") = "SportsStore.Tests", "SportsStore.Tests\SportsStore.Tests.csproj", "{BE835C37-6B16-489A-BAC3-2E774602C511}"
EndProject
Global
	GlobalSection(SolutionConfigurationPlatforms) = preSolution
		Debug|Any CPU = Debug|Any CPU
		Release|Any CPU = Release|Any CPU
	EndGlobalSection
	GlobalSection(SolutionProperties) = preSolution
		HideSolutionNode = FALSE
	EndGlobalSection
	GlobalSection(ProjectConfigurationPlatforms) = postSolution
		{BB588DA7-D962-42D2-A616-C7FDD3DC4B14}.Debug|Any CPU.ActiveCfg = Debug|Any CPU
		{BB588DA7-D962-42D2-A616-C7FDD3DC4B14}.Debug|Any CPU.Build.0 = Debug|Any CPU
		{BB588DA7-D962-42D2-A616-C7FDD3DC4B14}.Release|Any CPU.ActiveCfg = Release|Any CPU
		{BB588DA7-D962-42D2-A616-C7FDD3DC4B14}.Release|Any CPU.Build.0 = Release|Any CPU
		{BE835C37-6B16-489A-BAC3-2E774602C511}.Debug|Any CPU.ActiveCfg = Debug|Any CPU
		{BE835C37-6B16-489A-BAC3-2E774602C511}.Debug|Any CPU.Build.0 = Debug|Any CPU
		{BE835C37-6B16-489A-BAC3-2E774602C511}.Release|Any CPU.ActiveCfg = Release|Any CPU
		{BE835C37-6B16-489A-BAC3-2E774602C511}.Release|Any CPU.Build.0 = Release|Any CPU
	EndGlobalSection
EndGlobal
